
Microsoft Visual Studio Solution File, Format Version 12.00
# Visual Studio Version 17
VisualStudioVersion = 17.3.32929.385
MinimumVisualStudioVersion = 10.0.40219.1
Project("{FAE04EC0-301F-11D3-BF4B-00C04F79EFBC}") = "SoftwareProgramming", "SoftwareProgramming.csproj", "{0C15DB11-BE2B-48FA-8B16-9AE310BEBE2F}"
EndProject
Global
	GlobalSection(SolutionConfigurationPlatforms) = preSolution
		Debug|Any CPU = Debug|Any CPU
		Release|Any CPU = Release|Any CPU
	EndGlobalSection
	GlobalSection(ProjectConfigurationPlatforms) = postSolution
		{0C15DB11-BE2B-48FA-8B16-9AE310BEBE2F}.Debug|Any CPU.ActiveCfg = Debug|Any CPU
		{0C15DB11-BE2B-48FA-8B16-9AE310BEBE2F}.Debug|Any CPU.Build.0 = Debug|Any CPU
		{0C15DB11-BE2B-48FA-8B16-9AE310BEBE2F}.Release|Any CPU.ActiveCfg = Release|Any CPU
		{0C15DB11-BE2B-48FA-8B16-9AE310BEBE2F}.Release|Any CPU.Build.0 = Release|Any CPU
	EndGlobalSection
	GlobalSection(SolutionProperties) = preSolution
		HideSolutionNode = FALSE
	EndGlobalSection
	GlobalSection(ExtensibilityGlobals) = postSolution
		SolutionGuid = {353CF363-AF15-4C4D-AB85-C35DBE7D50C4}
	EndGlobalSection
EndGlobal
